
Microsoft Visual Studio Solution File, Format Version 12.00
# Visual Studio Version 17
VisualStudioVersion = 17.0.31912.275
MinimumVisualStudioVersion = 10.0.40219.1
Project("{FAE04EC0-301F-11D3-BF4B-00C04F79EFBC}") = "ConnectFourCLI", "ConnectFourCLI.csproj", "{9C512E5B-F627-4833-B64A-7DD48019576B}"
EndProject
Global
	GlobalSection(SolutionConfigurationPlatforms) = preSolution
		Debug|Any CPU = Debug|Any CPU
		Release|Any CPU = Release|Any CPU
	EndGlobalSection
	GlobalSection(ProjectConfigurationPlatforms) = postSolution
		{9C512E5B-F627-4833-B64A-7DD48019576B}.Debug|Any CPU.ActiveCfg = Debug|Any CPU
		{9C512E5B-F627-4833-B64A-7DD48019576B}.Debug|Any CPU.Build.0 = Debug|Any CPU
		{9C512E5B-F627-4833-B64A-7DD48019576B}.Release|Any CPU.ActiveCfg = Release|Any CPU
		{9C512E5B-F627-4833-B64A-7DD48019576B}.Release|Any CPU.Build.0 = Release|Any CPU
	EndGlobalSection
	GlobalSection(SolutionProperties) = preSolution
		HideSolutionNode = FALSE
	EndGlobalSection
	GlobalSection(ExtensibilityGlobals) = postSolution
		SolutionGuid = {7A9D7EBF-E3FF-49F3-A001-BEA9CD5F5BCE}
	EndGlobalSection
EndGlobal
